
Microsoft Visual Studio Solution File, Format Version 12.00
# Visual Studio Express 2012 for Windows Desktop
Project("{FAE04EC0-301F-11D3-BF4B-00C04F79EFBC}") = "NProjective", "NProjective\NProjective.csproj", "{A95B2AC9-AA0F-436E-AD55-870C84665616}"
EndProject
Project("{FAE04EC0-301F-11D3-BF4B-00C04F79EFBC}") = "KinectICP", "KinectICP\KinectICP.csproj", "{5EB1020F-F434-400B-BC0B-25294E3EEB95}"
EndProject
Project("{FAE04EC0-301F-11D3-BF4B-00C04F79EFBC}") = "NProjective.Test", "NProjective.Test\NProjective.Test.csproj", "{0CBB28E6-3785-43ED-81E5-094C18DEE507}"
EndProject
Global
	GlobalSection(SolutionConfigurationPlatforms) = preSolution
		Debug|Any CPU = Debug|Any CPU
		Release|Any CPU = Release|Any CPU
	EndGlobalSection
	GlobalSection(ProjectConfigurationPlatforms) = postSolution
		{A95B2AC9-AA0F-436E-AD55-870C84665616}.Debug|Any CPU.ActiveCfg = Debug|Any CPU
		{A95B2AC9-AA0F-436E-AD55-870C84665616}.Debug|Any CPU.Build.0 = Debug|Any CPU
		{A95B2AC9-AA0F-436E-AD55-870C84665616}.Release|Any CPU.ActiveCfg = Release|Any CPU
		{A95B2AC9-AA0F-436E-AD55-870C84665616}.Release|Any CPU.Build.0 = Release|Any CPU
		{5EB1020F-F434-400B-BC0B-25294E3EEB95}.Debug|Any CPU.ActiveCfg = Debug|Any CPU
		{5EB1020F-F434-400B-BC0B-25294E3EEB95}.Debug|Any CPU.Build.0 = Debug|Any CPU
		{5EB1020F-F434-400B-BC0B-25294E3EEB95}.Release|Any CPU.ActiveCfg = Release|Any CPU
		{5EB1020F-F434-400B-BC0B-25294E3EEB95}.Release|Any CPU.Build.0 = Release|Any CPU
		{0CBB28E6-3785-43ED-81E5-094C18DEE507}.Debug|Any CPU.ActiveCfg = Debug|Any CPU
		{0CBB28E6-3785-43ED-81E5-094C18DEE507}.Debug|Any CPU.Build.0 = Debug|Any CPU
		{0CBB28E6-3785-43ED-81E5-094C18DEE507}.Release|Any CPU.ActiveCfg = Release|Any CPU
		{0CBB28E6-3785-43ED-81E5-094C18DEE507}.Release|Any CPU.Build.0 = Release|Any CPU
	EndGlobalSection
	GlobalSection(SolutionProperties) = preSolution
		HideSolutionNode = FALSE
	EndGlobalSection
EndGlobal
